
Microsoft Visual Studio Solution File, Format Version 12.00
# Visual Studio Version 16
VisualStudioVersion = 16.0.31702.278
MinimumVisualStudioVersion = 10.0.40219.1
Project("{FAE04EC0-301F-11D3-BF4B-00C04F79EFBC}") = "WebApplication3", "WebApplication3\WebApplication3.csproj", "{A914A0FC-AF44-499F-9F69-B84D6B56258F}"
EndProject
Global
	GlobalSection(SolutionConfigurationPlatforms) = preSolution
		Debug|Any CPU = Debug|Any CPU
		Release|Any CPU = Release|Any CPU
	EndGlobalSection
	GlobalSection(ProjectConfigurationPlatforms) = postSolution
		{A914A0FC-AF44-499F-9F69-B84D6B56258F}.Debug|Any CPU.ActiveCfg = Debug|Any CPU
		{A914A0FC-AF44-499F-9F69-B84D6B56258F}.Debug|Any CPU.Build.0 = Debug|Any CPU
		{A914A0FC-AF44-499F-9F69-B84D6B56258F}.Release|Any CPU.ActiveCfg = Release|Any CPU
		{A914A0FC-AF44-499F-9F69-B84D6B56258F}.Release|Any CPU.Build.0 = Release|Any CPU
	EndGlobalSection
	GlobalSection(SolutionProperties) = preSolution
		HideSolutionNode = FALSE
	EndGlobalSection
	GlobalSection(ExtensibilityGlobals) = postSolution
		SolutionGuid = {A0E01BC4-B012-4A2B-94BD-EFF6F9FCB82A}
	EndGlobalSection
EndGlobal
